
Microsoft Visual Studio Solution File, Format Version 12.00
# Visual Studio 2012
Project("{FAE04EC0-301F-11D3-BF4B-00C04F79EFBC}") = "SIT323_Assignment2_Client", "SIT323_Assignment2_Client\SIT323_Assignment2_Client.csproj", "{D2CEBBEB-95E1-482D-B1CE-4AAAD20C827B}"
EndProject
Project("{FAE04EC0-301F-11D3-BF4B-00C04F79EFBC}") = "SIT323_Assignment2_Server", "SIT323_Assignment2_Server\SIT323_Assignment2_Server.csproj", "{0692049B-B9B1-4D05-8F98-1BC713F54324}"
EndProject
Global
	GlobalSection(SolutionConfigurationPlatforms) = preSolution
		Debug|Any CPU = Debug|Any CPU
		Release|Any CPU = Release|Any CPU
	EndGlobalSection
	GlobalSection(ProjectConfigurationPlatforms) = postSolution
		{D2CEBBEB-95E1-482D-B1CE-4AAAD20C827B}.Debug|Any CPU.ActiveCfg = Debug|Any CPU
		{D2CEBBEB-95E1-482D-B1CE-4AAAD20C827B}.Debug|Any CPU.Build.0 = Debug|Any CPU
		{D2CEBBEB-95E1-482D-B1CE-4AAAD20C827B}.Release|Any CPU.ActiveCfg = Release|Any CPU
		{D2CEBBEB-95E1-482D-B1CE-4AAAD20C827B}.Release|Any CPU.Build.0 = Release|Any CPU
		{0692049B-B9B1-4D05-8F98-1BC713F54324}.Debug|Any CPU.ActiveCfg = Debug|Any CPU
		{0692049B-B9B1-4D05-8F98-1BC713F54324}.Debug|Any CPU.Build.0 = Debug|Any CPU
		{0692049B-B9B1-4D05-8F98-1BC713F54324}.Release|Any CPU.ActiveCfg = Release|Any CPU
		{0692049B-B9B1-4D05-8F98-1BC713F54324}.Release|Any CPU.Build.0 = Release|Any CPU
	EndGlobalSection
	GlobalSection(SolutionProperties) = preSolution
		HideSolutionNode = FALSE
	EndGlobalSection
EndGlobal
